
Microsoft Visual Studio Solution File, Format Version 12.00
# Visual Studio Version 17
VisualStudioVersion = 17.9.34902.65
MinimumVisualStudioVersion = 10.0.40219.1
Project("{FAE04EC0-301F-11D3-BF4B-00C04F79EFBC}") = "LinkShortener", "LinkShortener\LinkShortener.csproj", "{4563C385-D82C-4636-843C-F3A44854137C}"
EndProject
Global
	GlobalSection(SolutionConfigurationPlatforms) = preSolution
		Debug|Any CPU = Debug|Any CPU
		Release|Any CPU = Release|Any CPU
	EndGlobalSection
	GlobalSection(ProjectConfigurationPlatforms) = postSolution
		{4563C385-D82C-4636-843C-F3A44854137C}.Debug|Any CPU.ActiveCfg = Debug|Any CPU
		{4563C385-D82C-4636-843C-F3A44854137C}.Debug|Any CPU.Build.0 = Debug|Any CPU
		{4563C385-D82C-4636-843C-F3A44854137C}.Release|Any CPU.ActiveCfg = Release|Any CPU
		{4563C385-D82C-4636-843C-F3A44854137C}.Release|Any CPU.Build.0 = Release|Any CPU
	EndGlobalSection
	GlobalSection(SolutionProperties) = preSolution
		HideSolutionNode = FALSE
	EndGlobalSection
	GlobalSection(ExtensibilityGlobals) = postSolution
		SolutionGuid = {C47F488B-137B-4475-A970-C58CE8D5E288}
	EndGlobalSection
EndGlobal
